// !$*UTF8*$!
{
	archiveVersion = 1;
	classes = {
	};
	objectVersion = 56;
	objects = {

/* Begin PBXBuildFile section */
		873C999E290BE5540045FCDA /* Task.swift in Sources */ = {isa = PBXBuildFile; fileRef = 873C999D290BE5540045FCDA /* Task.swift */; };
		873C99A0290BE8F80045FCDA /* Project.swift in Sources */ = {isa = PBXBuildFile; fileRef = 873C999F290BE8F80045FCDA /* Project.swift */; };
		873C99A3290BF6CB0045FCDA /* MainViewController.swift in Sources */ = {isa = PBXBuildFile; fileRef = 873C99A2290BF6CB0045FCDA /* MainViewController.swift */; };
		873C99A5290BF7240045FCDA /* TasksViewController.swift in Sources */ = {isa = PBXBuildFile; fileRef = 873C99A4290BF7240045FCDA /* TasksViewController.swift */; };
		873C99A8290C2B870045FCDA /* Main.storyboard in Resources */ = {isa = PBXBuildFile; fileRef = 875BF2F928F17E9700C29D95 /* Main.storyboard */; };
		873C99B02912B8C70045FCDA /* ProjectImage.swift in Sources */ = {isa = PBXBuildFile; fileRef = 873C99AF2912B8C70045FCDA /* ProjectImage.swift */; };
		873C99B32912C0D50045FCDA /* ColorName.swift in Sources */ = {isa = PBXBuildFile; fileRef = 873C99B22912C0D50045FCDA /* ColorName.swift */; };
		873C99B52913D5770045FCDA /* ColorRGB.swift in Sources */ = {isa = PBXBuildFile; fileRef = 873C99B42913D5770045FCDA /* ColorRGB.swift */; };
		873C99B72913EC560045FCDA /* ProjectGroup.swift in Sources */ = {isa = PBXBuildFile; fileRef = 873C99B62913EC560045FCDA /* ProjectGroup.swift */; };
		875BF2F428F17E9700C29D95 /* AppDelegate.swift in Sources */ = {isa = PBXBuildFile; fileRef = 875BF2F328F17E9700C29D95 /* AppDelegate.swift */; };
		875BF2F628F17E9700C29D95 /* SceneDelegate.swift in Sources */ = {isa = PBXBuildFile; fileRef = 875BF2F528F17E9700C29D95 /* SceneDelegate.swift */; };
		875BF2FE28F17E9700C29D95 /* Plan_Done.xcdatamodeld in Sources */ = {isa = PBXBuildFile; fileRef = 875BF2FC28F17E9700C29D95 /* Plan_Done.xcdatamodeld */; };
		875BF30028F17E9900C29D95 /* Assets.xcassets in Resources */ = {isa = PBXBuildFile; fileRef = 875BF2FF28F17E9900C29D95 /* Assets.xcassets */; };
		875BF30328F17E9900C29D95 /* LaunchScreen.storyboard in Resources */ = {isa = PBXBuildFile; fileRef = 875BF30128F17E9900C29D95 /* LaunchScreen.storyboard */; };
		875BF30E28F17E9900C29D95 /* Plan_DoneTests.swift in Sources */ = {isa = PBXBuildFile; fileRef = 875BF30D28F17E9900C29D95 /* Plan_DoneTests.swift */; };
		875BF31828F17E9900C29D95 /* Plan_DoneUITests.swift in Sources */ = {isa = PBXBuildFile; fileRef = 875BF31728F17E9900C29D95 /* Plan_DoneUITests.swift */; };
		875BF31A28F17E9900C29D95 /* Plan_DoneUITestsLaunchTests.swift in Sources */ = {isa = PBXBuildFile; fileRef = 875BF31928F17E9900C29D95 /* Plan_DoneUITestsLaunchTests.swift */; };
/* End PBXBuildFile section */

/* Begin PBXContainerItemProxy section */
		875BF30A28F17E9900C29D95 /* PBXContainerItemProxy */ = {
			isa = PBXContainerItemProxy;
			containerPortal = 875BF2E828F17E9700C29D95 /* Project object */;
			proxyType = 1;
			remoteGlobalIDString = 875BF2EF28F17E9700C29D95;
			remoteInfo = "Plan&Done";
		};
		875BF31428F17E9900C29D95 /* PBXContainerItemProxy */ = {
			isa = PBXContainerItemProxy;
			containerPortal = 875BF2E828F17E9700C29D95 /* Project object */;
			proxyType = 1;
			remoteGlobalIDString = 875BF2EF28F17E9700C29D95;
			remoteInfo = "Plan&Done";
		};
/* End PBXContainerItemProxy section */

/* Begin PBXFileReference section */
		873C999D290BE5540045FCDA /* Task.swift */ = {isa = PBXFileReference; lastKnownFileType = sourcecode.swift; path = Task.swift; sourceTree = "<group>"; };
		873C999F290BE8F80045FCDA /* Project.swift */ = {isa = PBXFileReference; lastKnownFileType = sourcecode.swift; path = Project.swift; sourceTree = "<group>"; };
		873C99A2290BF6CB0045FCDA /* MainViewController.swift */ = {isa = PBXFileReference; lastKnownFileType = sourcecode.swift; path = MainViewController.swift; sourceTree = "<group>"; };
		873C99A4290BF7240045FCDA /* TasksViewController.swift */ = {isa = PBXFileReference; lastKnownFileType = sourcecode.swift; path = TasksViewController.swift; sourceTree = "<group>"; };
		873C99AF2912B8C70045FCDA /* ProjectImage.swift */ = {isa = PBXFileReference; lastKnownFileType = sourcecode.swift; path = ProjectImage.swift; sourceTree = "<group>"; };
		873C99B22912C0D50045FCDA /* ColorName.swift */ = {isa = PBXFileReference; lastKnownFileType = sourcecode.swift; path = ColorName.swift; sourceTree = "<group>"; };
		873C99B42913D5770045FCDA /* ColorRGB.swift */ = {isa = PBXFileReference; lastKnownFileType = sourcecode.swift; path = ColorRGB.swift; sourceTree = "<group>"; };
		873C99B62913EC560045FCDA /* ProjectGroup.swift */ = {isa = PBXFileReference; lastKnownFileType = sourcecode.swift; path = ProjectGroup.swift; sourceTree = "<group>"; };
		875BF2F028F17E9700C29D95 /* Plan&Done.app */ = {isa = PBXFileReference; explicitFileType = wrapper.application; includeInIndex = 0; path = "Plan&Done.app"; sourceTree = BUILT_PRODUCTS_DIR; };
		875BF2F328F17E9700C29D95 /* AppDelegate.swift */ = {isa = PBXFileReference; lastKnownFileType = sourcecode.swift; path = AppDelegate.swift; sourceTree = "<group>"; };
		875BF2F528F17E9700C29D95 /* SceneDelegate.swift */ = {isa = PBXFileReference; lastKnownFileType = sourcecode.swift; path = SceneDelegate.swift; sourceTree = "<group>"; };
		875BF2FA28F17E9700C29D95 /* Base */ = {isa = PBXFileReference; lastKnownFileType = file.storyboard; name = Base; path = Base.lproj/Main.storyboard; sourceTree = "<group>"; };
		875BF2FD28F17E9700C29D95 /* Plan_Done.xcdatamodel */ = {isa = PBXFileReference; lastKnownFileType = wrapper.xcdatamodel; path = Plan_Done.xcdatamodel; sourceTree = "<group>"; };
		875BF2FF28F17E9900C29D95 /* Assets.xcassets */ = {isa = PBXFileReference; lastKnownFileType = folder.assetcatalog; path = Assets.xcassets; sourceTree = "<group>"; };
		875BF30228F17E9900C29D95 /* Base */ = {isa = PBXFileReference; lastKnownFileType = file.storyboard; name = Base; path = Base.lproj/LaunchScreen.storyboard; sourceTree = "<group>"; };
		875BF30428F17E9900C29D95 /* Info.plist */ = {isa = PBXFileReference; lastKnownFileType = text.plist.xml; path = Info.plist; sourceTree = "<group>"; };
		875BF30928F17E9900C29D95 /* Plan&DoneTests.xctest */ = {isa = PBXFileReference; explicitFileType = wrapper.cfbundle; includeInIndex = 0; path = "Plan&DoneTests.xctest"; sourceTree = BUILT_PRODUCTS_DIR; };
		875BF30D28F17E9900C29D95 /* Plan_DoneTests.swift */ = {isa = PBXFileReference; lastKnownFileType = sourcecode.swift; path = Plan_DoneTests.swift; sourceTree = "<group>"; };
		875BF31328F17E9900C29D95 /* Plan&DoneUITests.xctest */ = {isa = PBXFileReference; explicitFileType = wrapper.cfbundle; includeInIndex = 0; path = "Plan&DoneUITests.xctest"; sourceTree = BUILT_PRODUCTS_DIR; };
		875BF31728F17E9900C29D95 /* Plan_DoneUITests.swift */ = {isa = PBXFileReference; lastKnownFileType = sourcecode.swift; path = Plan_DoneUITests.swift; sourceTree = "<group>"; };
		875BF31928F17E9900C29D95 /* Plan_DoneUITestsLaunchTests.swift */ = {isa = PBXFileReference; lastKnownFileType = sourcecode.swift; path = Plan_DoneUITestsLaunchTests.swift; sourceTree = "<group>"; };
/* End PBXFileReference section */

/* Begin PBXFrameworksBuildPhase section */
		875BF2ED28F17E9700C29D95 /* Frameworks */ = {
			isa = PBXFrameworksBuildPhase;
			buildActionMask = 2147483647;
			files = (
			);
			runOnlyForDeploymentPostprocessing = 0;
		};
		875BF30628F17E9900C29D95 /* Frameworks */ = {
			isa = PBXFrameworksBuildPhase;
			buildActionMask = 2147483647;
			files = (
			);
			runOnlyForDeploymentPostprocessing = 0;
		};
		875BF31028F17E9900C29D95 /* Frameworks */ = {
			isa = PBXFrameworksBuildPhase;
			buildActionMask = 2147483647;
			files = (
			);
			runOnlyForDeploymentPostprocessing = 0;
		};
/* End PBXFrameworksBuildPhase section */

/* Begin PBXGroup section */
		873C99A1290BE9B60045FCDA /* Model */ = {
			isa = PBXGroup;
			children = (
				873C999D290BE5540045FCDA /* Task.swift */,
				873C999F290BE8F80045FCDA /* Project.swift */,
				873C99B62913EC560045FCDA /* ProjectGroup.swift */,
			);
			path = Model;
			sourceTree = "<group>";
		};
		873C99B12912BBE80045FCDA /* Extension */ = {
			isa = PBXGroup;
			children = (
				873C99AF2912B8C70045FCDA /* ProjectImage.swift */,
				873C99B22912C0D50045FCDA /* ColorName.swift */,
				873C99B42913D5770045FCDA /* ColorRGB.swift */,
			);
			path = Extension;
			sourceTree = "<group>";
		};
		875BF2E728F17E9700C29D95 = {
			isa = PBXGroup;
			children = (
				875BF2F228F17E9700C29D95 /* Plan&Done */,
				875BF30C28F17E9900C29D95 /* Plan&DoneTests */,
				875BF31628F17E9900C29D95 /* Plan&DoneUITests */,
				875BF2F128F17E9700C29D95 /* Products */,
			);
			sourceTree = "<group>";
		};
		875BF2F128F17E9700C29D95 /* Products */ = {
			isa = PBXGroup;
			children = (
				875BF2F028F17E9700C29D95 /* Plan&Done.app */,
				875BF30928F17E9900C29D95 /* Plan&DoneTests.xctest */,
				875BF31328F17E9900C29D95 /* Plan&DoneUITests.xctest */,
			);
			name = Products;
			sourceTree = "<group>";
		};
		875BF2F228F17E9700C29D95 /* Plan&Done */ = {
			isa = PBXGroup;
			children = (
				875BF30428F17E9900C29D95 /* Info.plist */,
				875BF2F328F17E9700C29D95 /* AppDelegate.swift */,
				875BF2F528F17E9700C29D95 /* SceneDelegate.swift */,
				873C99A2290BF6CB0045FCDA /* MainViewController.swift */,
				873C99A4290BF7240045FCDA /* TasksViewController.swift */,
				873C99A1290BE9B60045FCDA /* Model */,
				873C99B12912BBE80045FCDA /* Extension */,
				875BF2FF28F17E9900C29D95 /* Assets.xcassets */,
				875BF30128F17E9900C29D95 /* LaunchScreen.storyboard */,
				875BF2F928F17E9700C29D95 /* Main.storyboard */,
				875BF2FC28F17E9700C29D95 /* Plan_Done.xcdatamodeld */,
			);
			path = "Plan&Done";
			sourceTree = "<group>";
		};
		875BF30C28F17E9900C29D95 /* Plan&DoneTests */ = {
			isa = PBXGroup;
			children = (
				875BF30D28F17E9900C29D95 /* Plan_DoneTests.swift */,
			);
			path = "Plan&DoneTests";
			sourceTree = "<group>";
		};
		875BF31628F17E9900C29D95 /* Plan&DoneUITests */ = {
			isa = PBXGroup;
			children = (
				875BF31728F17E9900C29D95 /* Plan_DoneUITests.swift */,
				875BF31928F17E9900C29D95 /* Plan_DoneUITestsLaunchTests.swift */,
			);
			path = "Plan&DoneUITests";
			sourceTree = "<group>";
		};
/* End PBXGroup section */

/* Begin PBXNativeTarget section */
		875BF2EF28F17E9700C29D95 /* Plan&Done */ = {
			isa = PBXNativeTarget;
			buildConfigurationList = 875BF31D28F17E9900C29D95 /* Build configuration list for PBXNativeTarget "Plan&Done" */;
			buildPhases = (
				875BF2EC28F17E9700C29D95 /* Sources */,
				875BF2ED28F17E9700C29D95 /* Frameworks */,
				875BF2EE28F17E9700C29D95 /* Resources */,
			);
			buildRules = (
			);
			dependencies = (
			);
			name = "Plan&Done";
			productName = "Plan&Done";
			productReference = 875BF2F028F17E9700C29D95 /* Plan&Done.app */;
			productType = "com.apple.product-type.application";
		};
		875BF30828F17E9900C29D95 /* Plan&DoneTests */ = {
			isa = PBXNativeTarget;
			buildConfigurationList = 875BF32028F17E9900C29D95 /* Build configuration list for PBXNativeTarget "Plan&DoneTests" */;
			buildPhases = (
				875BF30528F17E9900C29D95 /* Sources */,
				875BF30628F17E9900C29D95 /* Frameworks */,
				875BF30728F17E9900C29D95 /* Resources */,
			);
			buildRules = (
			);
			dependencies = (
				875BF30B28F17E9900C29D95 /* PBXTargetDependency */,
			);
			name = "Plan&DoneTests";
			productName = "Plan&DoneTests";
			productReference = 875BF30928F17E9900C29D95 /* Plan&DoneTests.xctest */;
			productType = "com.apple.product-type.bundle.unit-test";
		};
		875BF31228F17E9900C29D95 /* Plan&DoneUITests */ = {
			isa = PBXNativeTarget;
			buildConfigurationList = 875BF32328F17E9900C29D95 /* Build configuration list for PBXNativeTarget "Plan&DoneUITests" */;
			buildPhases = (
				875BF30F28F17E9900C29D95 /* Sources */,
				875BF31028F17E9900C29D95 /* Frameworks */,
				875BF31128F17E9900C29D95 /* Resources */,
			);
			buildRules = (
			);
			dependencies = (
				875BF31528F17E9900C29D95 /* PBXTargetDependency */,
			);
			name = "Plan&DoneUITests";
			productName = "Plan&DoneUITests";
			productReference = 875BF31328F17E9900C29D95 /* Plan&DoneUITests.xctest */;
			productType = "com.apple.product-type.bundle.ui-testing";
		};
/* End PBXNativeTarget section */

/* Begin PBXProject section */
		875BF2E828F17E9700C29D95 /* Project object */ = {
			isa = PBXProject;
			attributes = {
				BuildIndependentTargetsInParallel = 1;
				LastSwiftUpdateCheck = 1400;
				LastUpgradeCheck = 1400;
				TargetAttributes = {
					875BF2EF28F17E9700C29D95 = {
						CreatedOnToolsVersion = 14.0.1;
					};
					875BF30828F17E9900C29D95 = {
						CreatedOnToolsVersion = 14.0.1;
						TestTargetID = 875BF2EF28F17E9700C29D95;
					};
					875BF31228F17E9900C29D95 = {
						CreatedOnToolsVersion = 14.0.1;
						TestTargetID = 875BF2EF28F17E9700C29D95;
					};
				};
			};
			buildConfigurationList = 875BF2EB28F17E9700C29D95 /* Build configuration list for PBXProject "Plan&Done" */;
			compatibilityVersion = "Xcode 14.0";
			developmentRegion = en;
			hasScannedForEncodings = 0;
			knownRegions = (
				en,
				Base,
			);
			mainGroup = 875BF2E728F17E9700C29D95;
			productRefGroup = 875BF2F128F17E9700C29D95 /* Products */;
			projectDirPath = "";
			projectRoot = "";
			targets = (
				875BF2EF28F17E9700C29D95 /* Plan&Done */,
				875BF30828F17E9900C29D95 /* Plan&DoneTests */,
				875BF31228F17E9900C29D95 /* Plan&DoneUITests */,
			);
		};
/* End PBXProject section */

/* Begin PBXResourcesBuildPhase section */
		875BF2EE28F17E9700C29D95 /* Resources */ = {
			isa = PBXResourcesBuildPhase;
			buildActionMask = 2147483647;
			files = (
				873C99A8290C2B870045FCDA /* Main.storyboard in Resources */,
				875BF30328F17E9900C29D95 /* LaunchScreen.storyboard in Resources */,
				875BF30028F17E9900C29D95 /* Assets.xcassets in Resources */,
			);
			runOnlyForDeploymentPostprocessing = 0;
		};
		875BF30728F17E9900C29D95 /* Resources */ = {
			isa = PBXResourcesBuildPhase;
			buildActionMask = 2147483647;
			files = (
			);
			runOnlyForDeploymentPostprocessing = 0;
		};
		875BF31128F17E9900C29D95 /* Resources */ = {
			isa = PBXResourcesBuildPhase;
			buildActionMask = 2147483647;
			files = (
			);
			runOnlyForDeploymentPostprocessing = 0;
		};
/* End PBXResourcesBuildPhase section */

/* Begin PBXSourcesBuildPhase section */
		875BF2EC28F17E9700C29D95 /* Sources */ = {
			isa = PBXSourcesBuildPhase;
			buildActionMask = 2147483647;
			files = (
				875BF2F428F17E9700C29D95 /* AppDelegate.swift in Sources */,
				873C99B52913D5770045FCDA /* ColorRGB.swift in Sources */,
				873C99B72913EC560045FCDA /* ProjectGroup.swift in Sources */,
				873C999E290BE5540045FCDA /* Task.swift in Sources */,
				875BF2FE28F17E9700C29D95 /* Plan_Done.xcdatamodeld in Sources */,
				873C99B32912C0D50045FCDA /* ColorName.swift in Sources */,
				873C99A5290BF7240045FCDA /* TasksViewController.swift in Sources */,
				873C99A3290BF6CB0045FCDA /* MainViewController.swift in Sources */,
				873C99B02912B8C70045FCDA /* ProjectImage.swift in Sources */,
				875BF2F628F17E9700C29D95 /* SceneDelegate.swift in Sources */,
				873C99A0290BE8F80045FCDA /* Project.swift in Sources */,
			);
			runOnlyForDeploymentPostprocessing = 0;
		};
		875BF30528F17E9900C29D95 /* Sources */ = {
			isa = PBXSourcesBuildPhase;
			buildActionMask = 2147483647;
			files = (
				875BF30E28F17E9900C29D95 /* Plan_DoneTests.swift in Sources */,
			);
			runOnlyForDeploymentPostprocessing = 0;
		};
		875BF30F28F17E9900C29D95 /* Sources */ = {
			isa = PBXSourcesBuildPhase;
			buildActionMask = 2147483647;
			files = (
				875BF31828F17E9900C29D95 /* Plan_DoneUITests.swift in Sources */,
				875BF31A28F17E9900C29D95 /* Plan_DoneUITestsLaunchTests.swift in Sources */,
			);
			runOnlyForDeploymentPostprocessing = 0;
		};
/* End PBXSourcesBuildPhase section */

/* Begin PBXTargetDependency section */
		875BF30B28F17E9900C29D95 /* PBXTargetDependency */ = {
			isa = PBXTargetDependency;
			target = 875BF2EF28F17E9700C29D95 /* Plan&Done */;
			targetProxy = 875BF30A28F17E9900C29D95 /* PBXContainerItemProxy */;
		};
		875BF31528F17E9900C29D95 /* PBXTargetDependency */ = {
			isa = PBXTargetDependency;
			target = 875BF2EF28F17E9700C29D95 /* Plan&Done */;
			targetProxy = 875BF31428F17E9900C29D95 /* PBXContainerItemProxy */;
		};
/* End PBXTargetDependency section */

/* Begin PBXVariantGroup section */
		875BF2F928F17E9700C29D95 /* Main.storyboard */ = {
			isa = PBXVariantGroup;
			children = (
				875BF2FA28F17E9700C29D95 /* Base */,
			);
			name = Main.storyboard;
			sourceTree = "<group>";
		};
		875BF30128F17E9900C29D95 /* LaunchScreen.storyboard */ = {
			isa = PBXVariantGroup;
			children = (
				875BF30228F17E9900C29D95 /* Base */,
			);
			name = LaunchScreen.storyboard;
			sourceTree = "<group>";
		};
/* End PBXVariantGroup section */

/* Begin XCBuildConfiguration section */
		875BF31B28F17E9900C29D95 /* Debug */ = {
			isa = XCBuildConfiguration;
			buildSettings = {
				ALWAYS_SEARCH_USER_PATHS = NO;
				CLANG_ANALYZER_NONNULL = YES;
				CLANG_ANALYZER_NUMBER_OBJECT_CONVERSION = YES_AGGRESSIVE;
				CLANG_CXX_LANGUAGE_STANDARD = "gnu++20";
				CLANG_ENABLE_MODULES = YES;
				CLANG_ENABLE_OBJC_ARC = YES;
				CLANG_ENABLE_OBJC_WEAK = YES;
				CLANG_WARN_BLOCK_CAPTURE_AUTORELEASING = YES;
				CLANG_WARN_BOOL_CONVERSION = YES;
				CLANG_WARN_COMMA = YES;
				CLANG_WARN_CONSTANT_CONVERSION = YES;
				CLANG_WARN_DEPRECATED_OBJC_IMPLEMENTATIONS = YES;
				CLANG_WARN_DIRECT_OBJC_ISA_USAGE = YES_ERROR;
				CLANG_WARN_DOCUMENTATION_COMMENTS = YES;
				CLANG_WARN_EMPTY_BODY = YES;
				CLANG_WARN_ENUM_CONVERSION = YES;
				CLANG_WARN_INFINITE_RECURSION = YES;
				CLANG_WARN_INT_CONVERSION = YES;
				CLANG_WARN_NON_LITERAL_NULL_CONVERSION = YES;
				CLANG_WARN_OBJC_IMPLICIT_RETAIN_SELF = YES;
				CLANG_WARN_OBJC_LITERAL_CONVERSION = YES;
				CLANG_WARN_OBJC_ROOT_CLASS = YES_ERROR;
				CLANG_WARN_QUOTED_INCLUDE_IN_FRAMEWORK_HEADER = YES;
				CLANG_WARN_RANGE_LOOP_ANALYSIS = YES;
				CLANG_WARN_STRICT_PROTOTYPES = YES;
				CLANG_WARN_SUSPICIOUS_MOVE = YES;
				CLANG_WARN_UNGUARDED_AVAILABILITY = YES_AGGRESSIVE;
				CLANG_WARN_UNREACHABLE_CODE = YES;
				CLANG_WARN__DUPLICATE_METHOD_MATCH = YES;
				COPY_PHASE_STRIP = NO;
				DEBUG_INFORMATION_FORMAT = dwarf;
				ENABLE_STRICT_OBJC_MSGSEND = YES;
				ENABLE_TESTABILITY = YES;
				GCC_C_LANGUAGE_STANDARD = gnu11;
				GCC_DYNAMIC_NO_PIC = NO;
				GCC_NO_COMMON_BLOCKS = YES;
				GCC_OPTIMIZATION_LEVEL = 0;
				GCC_PREPROCESSOR_DEFINITIONS = (
					"DEBUG=1",
					"$(inherited)",
				);
				GCC_WARN_64_TO_32_BIT_CONVERSION = YES;
				GCC_WARN_ABOUT_RETURN_TYPE = YES_ERROR;
				GCC_WARN_UNDECLARED_SELECTOR = YES;
				GCC_WARN_UNINITIALIZED_AUTOS = YES_AGGRESSIVE;
				GCC_WARN_UNUSED_FUNCTION = YES;
				GCC_WARN_UNUSED_VARIABLE = YES;
				IPHONEOS_DEPLOYMENT_TARGET = 16.0;
				MTL_ENABLE_DEBUG_INFO = INCLUDE_SOURCE;
				MTL_FAST_MATH = YES;
				ONLY_ACTIVE_ARCH = YES;
				SDKROOT = iphoneos;
				SWIFT_ACTIVE_COMPILATION_CONDITIONS = DEBUG;
				SWIFT_OPTIMIZATION_LEVEL = "-Onone";
			};
			name = Debug;
		};
		875BF31C28F17E9900C29D95 /* Release */ = {
			isa = XCBuildConfiguration;
			buildSettings = {
				ALWAYS_SEARCH_USER_PATHS = NO;
				CLANG_ANALYZER_NONNULL = YES;
				CLANG_ANALYZER_NUMBER_OBJECT_CONVERSION = YES_AGGRESSIVE;
				CLANG_CXX_LANGUAGE_STANDARD = "gnu++20";
				CLANG_ENABLE_MODULES = YES;
				CLANG_ENABLE_OBJC_ARC = YES;
				CLANG_ENABLE_OBJC_WEAK = YES;
				CLANG_WARN_BLOCK_CAPTURE_AUTORELEASING = YES;
				CLANG_WARN_BOOL_CONVERSION = YES;
				CLANG_WARN_COMMA = YES;
				CLANG_WARN_CONSTANT_CONVERSION = YES;
				CLANG_WARN_DEPRECATED_OBJC_IMPLEMENTATIONS = YES;
				CLANG_WARN_DIRECT_OBJC_ISA_USAGE = YES_ERROR;
				CLANG_WARN_DOCUMENTATION_COMMENTS = YES;
				CLANG_WARN_EMPTY_BODY = YES;
				CLANG_WARN_ENUM_CONVERSION = YES;
				CLANG_WARN_INFINITE_RECURSION = YES;
				CLANG_WARN_INT_CONVERSION = YES;
				CLANG_WARN_NON_LITERAL_NULL_CONVERSION = YES;
				CLANG_WARN_OBJC_IMPLICIT_RETAIN_SELF = YES;
				CLANG_WARN_OBJC_LITERAL_CONVERSION = YES;
				CLANG_WARN_OBJC_ROOT_CLASS = YES_ERROR;
				CLANG_WARN_QUOTED_INCLUDE_IN_FRAMEWORK_HEADER = YES;
				CLANG_WARN_RANGE_LOOP_ANALYSIS = YES;
				CLANG_WARN_STRICT_PROTOTYPES = YES;
				CLANG_WARN_SUSPICIOUS_MOVE = YES;
				CLANG_WARN_UNGUARDED_AVAILABILITY = YES_AGGRESSIVE;
				CLANG_WARN_UNREACHABLE_CODE = YES;
				CLANG_WARN__DUPLICATE_METHOD_MATCH = YES;
				COPY_PHASE_STRIP = NO;
				DEBUG_INFORMATION_FORMAT = "dwarf-with-dsym";
				ENABLE_NS_ASSERTIONS = NO;
				ENABLE_STRICT_OBJC_MSGSEND = YES;
				GCC_C_LANGUAGE_STANDARD = gnu11;
				GCC_NO_COMMON_BLOCKS = YES;
				GCC_WARN_64_TO_32_BIT_CONVERSION = YES;
				GCC_WARN_ABOUT_RETURN_TYPE = YES_ERROR;
				GCC_WARN_UNDECLARED_SELECTOR = YES;
				GCC_WARN_UNINITIALIZED_AUTOS = YES_AGGRESSIVE;
				GCC_WARN_UNUSED_FUNCTION = YES;
				GCC_WARN_UNUSED_VARIABLE = YES;
				IPHONEOS_DEPLOYMENT_TARGET = 16.0;
				MTL_ENABLE_DEBUG_INFO = NO;
				MTL_FAST_MATH = YES;
				SDKROOT = iphoneos;
				SWIFT_COMPILATION_MODE = wholemodule;
				SWIFT_OPTIMIZATION_LEVEL = "-O";
				VALIDATE_PRODUCT = YES;
			};
			name = Release;
		};
		875BF31E28F17E9900C29D95 /* Debug */ = {
			isa = XCBuildConfiguration;
			buildSettings = {
				ASSETCATALOG_COMPILER_APPICON_NAME = AppIcon;
				ASSETCATALOG_COMPILER_GLOBAL_ACCENT_COLOR_NAME = AccentColor;
				CODE_SIGN_STYLE = Automatic;
				CURRENT_PROJECT_VERSION = 1;
				DEVELOPMENT_TEAM = Q9V7VMQZ86;
				GENERATE_INFOPLIST_FILE = YES;
				INFOPLIST_FILE = "Plan&Done/Info.plist";
				INFOPLIST_KEY_CFBundleDisplayName = "Plan&Done";
				INFOPLIST_KEY_LSApplicationCategoryType = "public.app-category.productivity";
				INFOPLIST_KEY_UIApplicationSupportsIndirectInputEvents = YES;
				INFOPLIST_KEY_UILaunchStoryboardName = LaunchScreen;
				INFOPLIST_KEY_UIMainStoryboardFile = Main;
				INFOPLIST_KEY_UISupportedInterfaceOrientations = UIInterfaceOrientationPortrait;
				INFOPLIST_KEY_UISupportedInterfaceOrientations_iPad = "UIInterfaceOrientationPortrait UIInterfaceOrientationPortraitUpsideDown";
				LD_RUNPATH_SEARCH_PATHS = (
					"$(inherited)",
					"@executable_path/Frameworks",
				);
				MARKETING_VERSION = 1.0;
				PRODUCT_BUNDLE_IDENTIFIER = "alexdev.Plan-Done";
				PRODUCT_NAME = "$(TARGET_NAME)";
				SWIFT_EMIT_LOC_STRINGS = YES;
				SWIFT_VERSION = 5.0;
				TARGETED_DEVICE_FAMILY = "1,2";
			};
			name = Debug;
		};
		875BF31F28F17E9900C29D95 /* Release */ = {
			isa = XCBuildConfiguration;
			buildSettings = {
				ASSETCATALOG_COMPILER_APPICON_NAME = AppIcon;
				ASSETCATALOG_COMPILER_GLOBAL_ACCENT_COLOR_NAME = AccentColor;
				CODE_SIGN_STYLE = Automatic;
				CURRENT_PROJECT_VERSION = 1;
				DEVELOPMENT_TEAM = Q9V7VMQZ86;
				GENERATE_INFOPLIST_FILE = YES;
				INFOPLIST_FILE = "Plan&Done/Info.plist";
				INFOPLIST_KEY_CFBundleDisplayName = "Plan&Done";
				INFOPLIST_KEY_LSApplicationCategoryType = "public.app-category.productivity";
				INFOPLIST_KEY_UIApplicationSupportsIndirectInputEvents = YES;
				INFOPLIST_KEY_UILaunchStoryboardName = LaunchScreen;
				INFOPLIST_KEY_UIMainStoryboardFile = Main;
				INFOPLIST_KEY_UISupportedInterfaceOrientations = UIInterfaceOrientationPortrait;
				INFOPLIST_KEY_UISupportedInterfaceOrientations_iPad = "UIInterfaceOrientationPortrait UIInterfaceOrientationPortraitUpsideDown";
				LD_RUNPATH_SEARCH_PATHS = (
					"$(inherited)",
					"@executable_path/Frameworks",
				);
				MARKETING_VERSION = 1.0;
				PRODUCT_BUNDLE_IDENTIFIER = "alexdev.Plan-Done";
				PRODUCT_NAME = "$(TARGET_NAME)";
				SWIFT_EMIT_LOC_STRINGS = YES;
				SWIFT_VERSION = 5.0;
				TARGETED_DEVICE_FAMILY = "1,2";
			};
			name = Release;
		};
		875BF32128F17E9900C29D95 /* Debug */ = {
			isa = XCBuildConfiguration;
			buildSettings = {
				ALWAYS_EMBED_SWIFT_STANDARD_LIBRARIES = YES;
				BUNDLE_LOADER = "$(TEST_HOST)";
				CODE_SIGN_STYLE = Automatic;
				CURRENT_PROJECT_VERSION = 1;
				DEVELOPMENT_TEAM = Q9V7VMQZ86;
				GENERATE_INFOPLIST_FILE = YES;
				IPHONEOS_DEPLOYMENT_TARGET = 16.0;
				MARKETING_VERSION = 1.0;
				PRODUCT_BUNDLE_IDENTIFIER = "alexdev.Plan-DoneTests";
				PRODUCT_NAME = "$(TARGET_NAME)";
				SWIFT_EMIT_LOC_STRINGS = NO;
				SWIFT_VERSION = 5.0;
				TARGETED_DEVICE_FAMILY = "1,2";
				TEST_HOST = "$(BUILT_PRODUCTS_DIR)/Plan&Done.app/$(BUNDLE_EXECUTABLE_FOLDER_PATH)/Plan&Done";
			};
			name = Debug;
		};
		875BF32228F17E9900C29D95 /* Release */ = {
			isa = XCBuildConfiguration;
			buildSettings = {
				ALWAYS_EMBED_SWIFT_STANDARD_LIBRARIES = YES;
				BUNDLE_LOADER = "$(TEST_HOST)";
				CODE_SIGN_STYLE = Automatic;
				CURRENT_PROJECT_VERSION = 1;
				DEVELOPMENT_TEAM = Q9V7VMQZ86;
				GENERATE_INFOPLIST_FILE = YES;
				IPHONEOS_DEPLOYMENT_TARGET = 16.0;
				MARKETING_VERSION = 1.0;
				PRODUCT_BUNDLE_IDENTIFIER = "alexdev.Plan-DoneTests";
				PRODUCT_NAME = "$(TARGET_NAME)";
				SWIFT_EMIT_LOC_STRINGS = NO;
				SWIFT_VERSION = 5.0;
				TARGETED_DEVICE_FAMILY = "1,2";
				TEST_HOST = "$(BUILT_PRODUCTS_DIR)/Plan&Done.app/$(BUNDLE_EXECUTABLE_FOLDER_PATH)/Plan&Done";
			};
			name = Release;
		};
		875BF32428F17E9900C29D95 /* Debug */ = {
			isa = XCBuildConfiguration;
			buildSettings = {
				ALWAYS_EMBED_SWIFT_STANDARD_LIBRARIES = YES;
				CODE_SIGN_STYLE = Automatic;
				CURRENT_PROJECT_VERSION = 1;
				DEVELOPMENT_TEAM = Q9V7VMQZ86;
				GENERATE_INFOPLIST_FILE = YES;
				MARKETING_VERSION = 1.0;
				PRODUCT_BUNDLE_IDENTIFIER = "alexdev.Plan-DoneUITests";
				PRODUCT_NAME = "$(TARGET_NAME)";
				SWIFT_EMIT_LOC_STRINGS = NO;
				SWIFT_VERSION = 5.0;
				TARGETED_DEVICE_FAMILY = "1,2";
				TEST_TARGET_NAME = "Plan&Done";
			};
			name = Debug;
		};
		875BF32528F17E9900C29D95 /* Release */ = {
			isa = XCBuildConfiguration;
			buildSettings = {
				ALWAYS_EMBED_SWIFT_STANDARD_LIBRARIES = YES;
				CODE_SIGN_STYLE = Automatic;
				CURRENT_PROJECT_VERSION = 1;
				DEVELOPMENT_TEAM = Q9V7VMQZ86;
				GENERATE_INFOPLIST_FILE = YES;
				MARKETING_VERSION = 1.0;
				PRODUCT_BUNDLE_IDENTIFIER = "alexdev.Plan-DoneUITests";
				PRODUCT_NAME = "$(TARGET_NAME)";
				SWIFT_EMIT_LOC_STRINGS = NO;
				SWIFT_VERSION = 5.0;
				TARGETED_DEVICE_FAMILY = "1,2";
				TEST_TARGET_NAME = "Plan&Done";
			};
			name = Release;
		};
/* End XCBuildConfiguration section */

/* Begin XCConfigurationList section */
		875BF2EB28F17E9700C29D95 /* Build configuration list for PBXProject "Plan&Done" */ = {
			isa = XCConfigurationList;
			buildConfigurations = (
				875BF31B28F17E9900C29D95 /* Debug */,
				875BF31C28F17E9900C29D95 /* Release */,
			);
			defaultConfigurationIsVisible = 0;
			defaultConfigurationName = Release;
		};
		875BF31D28F17E9900C29D95 /* Build configuration list for PBXNativeTarget "Plan&Done" */ = {
			isa = XCConfigurationList;
			buildConfigurations = (
				875BF31E28F17E9900C29D95 /* Debug */,
				875BF31F28F17E9900C29D95 /* Release */,
			);
			defaultConfigurationIsVisible = 0;
			defaultConfigurationName = Release;
		};
		875BF32028F17E9900C29D95 /* Build configuration list for PBXNativeTarget "Plan&DoneTests" */ = {
			isa = XCConfigurationList;
			buildConfigurations = (
				875BF32128F17E9900C29D95 /* Debug */,
				875BF32228F17E9900C29D95 /* Release */,
			);
			defaultConfigurationIsVisible = 0;
			defaultConfigurationName = Release;
		};
		875BF32328F17E9900C29D95 /* Build configuration list for PBXNativeTarget "Plan&DoneUITests" */ = {
			isa = XCConfigurationList;
			buildConfigurations = (
				875BF32428F17E9900C29D95 /* Debug */,
				875BF32528F17E9900C29D95 /* Release */,
			);
			defaultConfigurationIsVisible = 0;
			defaultConfigurationName = Release;
		};
/* End XCConfigurationList section */

/* Begin XCVersionGroup section */
		875BF2FC28F17E9700C29D95 /* Plan_Done.xcdatamodeld */ = {
			isa = XCVersionGroup;
			children = (
				875BF2FD28F17E9700C29D95 /* Plan_Done.xcdatamodel */,
			);
			currentVersion = 875BF2FD28F17E9700C29D95 /* Plan_Done.xcdatamodel */;
			path = Plan_Done.xcdatamodeld;
			sourceTree = "<group>";
			versionGroupType = wrapper.xcdatamodel;
		};
/* End XCVersionGroup section */
	};
	rootObject = 875BF2E828F17E9700C29D95 /* Project object */;
}
